
Microsoft Visual Studio Solution File, Format Version 12.00
# Visual Studio 2012
Project("{FAE04EC0-301F-11D3-BF4B-00C04F79EFBC}") = "FontAwesome", "FontAwesome\FontAwesome.csproj", "{1AE38954-68A5-4B64-ADA1-D6F745FA3858}"
EndProject
Global
	GlobalSection(SolutionConfigurationPlatforms) = preSolution
		Debug|iPhoneSimulator = Debug|iPhoneSimulator
		Release|iPhone = Release|iPhone
		Release|iPhoneSimulator = Release|iPhoneSimulator
		Debug|iPhone = Debug|iPhone
	EndGlobalSection
	GlobalSection(ProjectConfigurationPlatforms) = postSolution
		{1AE38954-68A5-4B64-ADA1-D6F745FA3858}.Debug|iPhone.ActiveCfg = Debug|iPhone
		{1AE38954-68A5-4B64-ADA1-D6F745FA3858}.Debug|iPhone.Build.0 = Debug|iPhone
		{1AE38954-68A5-4B64-ADA1-D6F745FA3858}.Debug|iPhoneSimulator.ActiveCfg = Debug|iPhoneSimulator
		{1AE38954-68A5-4B64-ADA1-D6F745FA3858}.Debug|iPhoneSimulator.Build.0 = Debug|iPhoneSimulator
		{1AE38954-68A5-4B64-ADA1-D6F745FA3858}.Release|iPhone.ActiveCfg = Release|iPhone
		{1AE38954-68A5-4B64-ADA1-D6F745FA3858}.Release|iPhone.Build.0 = Release|iPhone
		{1AE38954-68A5-4B64-ADA1-D6F745FA3858}.Release|iPhoneSimulator.ActiveCfg = Release|iPhoneSimulator
		{1AE38954-68A5-4B64-ADA1-D6F745FA3858}.Release|iPhoneSimulator.Build.0 = Release|iPhoneSimulator
	EndGlobalSection
EndGlobal
